// !$*UTF8*$!
{
	archiveVersion = 1;
	classes = {
	};
	objectVersion = 50;
	objects = {

/* Begin PBXBuildFile section */
		D9E28F5121FEA48000F505C8 /* AppDelegate.swift in Sources */ = {isa = PBXBuildFile; fileRef = D9E28F5021FEA48000F505C8 /* AppDelegate.swift */; };
		D9E28F5321FEA48000F505C8 /* ViewController.swift in Sources */ = {isa = PBXBuildFile; fileRef = D9E28F5221FEA48000F505C8 /* ViewController.swift */; };
		D9E28F5621FEA48000F505C8 /* Main.storyboard in Resources */ = {isa = PBXBuildFile; fileRef = D9E28F5421FEA48000F505C8 /* Main.storyboard */; };
		D9E28F5821FEA48100F505C8 /* Assets.xcassets in Resources */ = {isa = PBXBuildFile; fileRef = D9E28F5721FEA48100F505C8 /* Assets.xcassets */; };
		D9E28F5B21FEA48100F505C8 /* LaunchScreen.storyboard in Resources */ = {isa = PBXBuildFile; fileRef = D9E28F5921FEA48100F505C8 /* LaunchScreen.storyboard */; };
		D9E28F6621FEA48100F505C8 /* FounderButtonsTests.swift in Sources */ = {isa = PBXBuildFile; fileRef = D9E28F6521FEA48100F505C8 /* FounderButtonsTests.swift */; };
		D9E28F7121FEA48100F505C8 /* FounderButtonsUITests.swift in Sources */ = {isa = PBXBuildFile; fileRef = D9E28F7021FEA48100F505C8 /* FounderButtonsUITests.swift */; };
/* End PBXBuildFile section */

/* Begin PBXContainerItemProxy section */
		D9E28F6221FEA48100F505C8 /* PBXContainerItemProxy */ = {
			isa = PBXContainerItemProxy;
			containerPortal = D9E28F4521FEA48000F505C8 /* Project object */;
			proxyType = 1;
			remoteGlobalIDString = D9E28F4C21FEA48000F505C8;
			remoteInfo = FounderButtons;
		};
		D9E28F6D21FEA48100F505C8 /* PBXContainerItemProxy */ = {
			isa = PBXContainerItemProxy;
			containerPortal = D9E28F4521FEA48000F505C8 /* Project object */;
			proxyType = 1;
			remoteGlobalIDString = D9E28F4C21FEA48000F505C8;
			remoteInfo = FounderButtons;
		};
/* End PBXContainerItemProxy section */

/* Begin PBXFileReference section */
		D9E28F4D21FEA48000F505C8 /* FounderButtons.app */ = {isa = PBXFileReference; explicitFileType = wrapper.application; includeInIndex = 0; path = FounderButtons.app; sourceTree = BUILT_PRODUCTS_DIR; };
		D9E28F5021FEA48000F505C8 /* AppDelegate.swift */ = {isa = PBXFileReference; lastKnownFileType = sourcecode.swift; path = AppDelegate.swift; sourceTree = "<group>"; };
		D9E28F5221FEA48000F505C8 /* ViewController.swift */ = {isa = PBXFileReference; lastKnownFileType = sourcecode.swift; path = ViewController.swift; sourceTree = "<group>"; };
		D9E28F5521FEA48000F505C8 /* Base */ = {isa = PBXFileReference; lastKnownFileType = file.storyboard; name = Base; path = Base.lproj/Main.storyboard; sourceTree = "<group>"; };
		D9E28F5721FEA48100F505C8 /* Assets.xcassets */ = {isa = PBXFileReference; lastKnownFileType = folder.assetcatalog; path = Assets.xcassets; sourceTree = "<group>"; };
		D9E28F5A21FEA48100F505C8 /* Base */ = {isa = PBXFileReference; lastKnownFileType = file.storyboard; name = Base; path = Base.lproj/LaunchScreen.storyboard; sourceTree = "<group>"; };
		D9E28F5C21FEA48100F505C8 /* Info.plist */ = {isa = PBXFileReference; lastKnownFileType = text.plist.xml; path = Info.plist; sourceTree = "<group>"; };
		D9E28F6121FEA48100F505C8 /* FounderButtonsTests.xctest */ = {isa = PBXFileReference; explicitFileType = wrapper.cfbundle; includeInIndex = 0; path = FounderButtonsTests.xctest; sourceTree = BUILT_PRODUCTS_DIR; };
		D9E28F6521FEA48100F505C8 /* FounderButtonsTests.swift */ = {isa = PBXFileReference; lastKnownFileType = sourcecode.swift; path = FounderButtonsTests.swift; sourceTree = "<group>"; };
		D9E28F6721FEA48100F505C8 /* Info.plist */ = {isa = PBXFileReference; lastKnownFileType = text.plist.xml; path = Info.plist; sourceTree = "<group>"; };
		D9E28F6C21FEA48100F505C8 /* FounderButtonsUITests.xctest */ = {isa = PBXFileReference; explicitFileType = wrapper.cfbundle; includeInIndex = 0; path = FounderButtonsUITests.xctest; sourceTree = BUILT_PRODUCTS_DIR; };
		D9E28F7021FEA48100F505C8 /* FounderButtonsUITests.swift */ = {isa = PBXFileReference; lastKnownFileType = sourcecode.swift; path = FounderButtonsUITests.swift; sourceTree = "<group>"; };
		D9E28F7221FEA48100F505C8 /* Info.plist */ = {isa = PBXFileReference; lastKnownFileType = text.plist.xml; path = Info.plist; sourceTree = "<group>"; };
/* End PBXFileReference section */

/* Begin PBXFrameworksBuildPhase section */
		D9E28F4A21FEA48000F505C8 /* Frameworks */ = {
			isa = PBXFrameworksBuildPhase;
			buildActionMask = 2147483647;
			files = (
			);
			runOnlyForDeploymentPostprocessing = 0;
		};
		D9E28F5E21FEA48100F505C8 /* Frameworks */ = {
			isa = PBXFrameworksBuildPhase;
			buildActionMask = 2147483647;
			files = (
			);
			runOnlyForDeploymentPostprocessing = 0;
		};
		D9E28F6921FEA48100F505C8 /* Frameworks */ = {
			isa = PBXFrameworksBuildPhase;
			buildActionMask = 2147483647;
			files = (
			);
			runOnlyForDeploymentPostprocessing = 0;
		};
/* End PBXFrameworksBuildPhase section */

/* Begin PBXGroup section */
		D9E28F4421FEA48000F505C8 = {
			isa = PBXGroup;
			children = (
				D9E28F4F21FEA48000F505C8 /* FounderButtons */,
				D9E28F6421FEA48100F505C8 /* FounderButtonsTests */,
				D9E28F6F21FEA48100F505C8 /* FounderButtonsUITests */,
				D9E28F4E21FEA48000F505C8 /* Products */,
			);
			sourceTree = "<group>";
		};
		D9E28F4E21FEA48000F505C8 /* Products */ = {
			isa = PBXGroup;
			children = (
				D9E28F4D21FEA48000F505C8 /* FounderButtons.app */,
				D9E28F6121FEA48100F505C8 /* FounderButtonsTests.xctest */,
				D9E28F6C21FEA48100F505C8 /* FounderButtonsUITests.xctest */,
			);
			name = Products;
			sourceTree = "<group>";
		};
		D9E28F4F21FEA48000F505C8 /* FounderButtons */ = {
			isa = PBXGroup;
			children = (
				D9E28F5021FEA48000F505C8 /* AppDelegate.swift */,
				D9E28F5221FEA48000F505C8 /* ViewController.swift */,
				D9E28F5421FEA48000F505C8 /* Main.storyboard */,
				D9E28F5721FEA48100F505C8 /* Assets.xcassets */,
				D9E28F5921FEA48100F505C8 /* LaunchScreen.storyboard */,
				D9E28F5C21FEA48100F505C8 /* Info.plist */,
			);
			path = FounderButtons;
			sourceTree = "<group>";
		};
		D9E28F6421FEA48100F505C8 /* FounderButtonsTests */ = {
			isa = PBXGroup;
			children = (
				D9E28F6521FEA48100F505C8 /* FounderButtonsTests.swift */,
				D9E28F6721FEA48100F505C8 /* Info.plist */,
			);
			path = FounderButtonsTests;
			sourceTree = "<group>";
		};
		D9E28F6F21FEA48100F505C8 /* FounderButtonsUITests */ = {
			isa = PBXGroup;
			children = (
				D9E28F7021FEA48100F505C8 /* FounderButtonsUITests.swift */,
				D9E28F7221FEA48100F505C8 /* Info.plist */,
			);
			path = FounderButtonsUITests;
			sourceTree = "<group>";
		};
/* End PBXGroup section */

/* Begin PBXNativeTarget section */
		D9E28F4C21FEA48000F505C8 /* FounderButtons */ = {
			isa = PBXNativeTarget;
			buildConfigurationList = D9E28F7521FEA48100F505C8 /* Build configuration list for PBXNativeTarget "FounderButtons" */;
			buildPhases = (
				D9E28F4921FEA48000F505C8 /* Sources */,
				D9E28F4A21FEA48000F505C8 /* Frameworks */,
				D9E28F4B21FEA48000F505C8 /* Resources */,
			);
			buildRules = (
			);
			dependencies = (
			);
			name = FounderButtons;
			productName = FounderButtons;
			productReference = D9E28F4D21FEA48000F505C8 /* FounderButtons.app */;
			productType = "com.apple.product-type.application";
		};
		D9E28F6021FEA48100F505C8 /* FounderButtonsTests */ = {
			isa = PBXNativeTarget;
			buildConfigurationList = D9E28F7821FEA48100F505C8 /* Build configuration list for PBXNativeTarget "FounderButtonsTests" */;
			buildPhases = (
				D9E28F5D21FEA48100F505C8 /* Sources */,
				D9E28F5E21FEA48100F505C8 /* Frameworks */,
				D9E28F5F21FEA48100F505C8 /* Resources */,
			);
			buildRules = (
			);
			dependencies = (
				D9E28F6321FEA48100F505C8 /* PBXTargetDependency */,
			);
			name = FounderButtonsTests;
			productName = FounderButtonsTests;
			productReference = D9E28F6121FEA48100F505C8 /* FounderButtonsTests.xctest */;
			productType = "com.apple.product-type.bundle.unit-test";
		};
		D9E28F6B21FEA48100F505C8 /* FounderButtonsUITests */ = {
			isa = PBXNativeTarget;
			buildConfigurationList = D9E28F7B21FEA48100F505C8 /* Build configuration list for PBXNativeTarget "FounderButtonsUITests" */;
			buildPhases = (
				D9E28F6821FEA48100F505C8 /* Sources */,
				D9E28F6921FEA48100F505C8 /* Frameworks */,
				D9E28F6A21FEA48100F505C8 /* Resources */,
			);
			buildRules = (
			);
			dependencies = (
				D9E28F6E21FEA48100F505C8 /* PBXTargetDependency */,
			);
			name = FounderButtonsUITests;
			productName = FounderButtonsUITests;
			productReference = D9E28F6C21FEA48100F505C8 /* FounderButtonsUITests.xctest */;
			productType = "com.apple.product-type.bundle.ui-testing";
		};
/* End PBXNativeTarget section */

/* Begin PBXProject section */
		D9E28F4521FEA48000F505C8 /* Project object */ = {
			isa = PBXProject;
			attributes = {
				LastSwiftUpdateCheck = 1010;
				LastUpgradeCheck = 1010;
				ORGANIZATIONNAME = "Xiaoyu Hu";
				TargetAttributes = {
					D9E28F4C21FEA48000F505C8 = {
						CreatedOnToolsVersion = 10.1;
					};
					D9E28F6021FEA48100F505C8 = {
						CreatedOnToolsVersion = 10.1;
						TestTargetID = D9E28F4C21FEA48000F505C8;
					};
					D9E28F6B21FEA48100F505C8 = {
						CreatedOnToolsVersion = 10.1;
						TestTargetID = D9E28F4C21FEA48000F505C8;
					};
				};
			};
			buildConfigurationList = D9E28F4821FEA48000F505C8 /* Build configuration list for PBXProject "FounderButtons" */;
			compatibilityVersion = "Xcode 9.3";
			developmentRegion = en;
			hasScannedForEncodings = 0;
			knownRegions = (
				en,
				Base,
			);
			mainGroup = D9E28F4421FEA48000F505C8;
			productRefGroup = D9E28F4E21FEA48000F505C8 /* Products */;
			projectDirPath = "";
			projectRoot = "";
			targets = (
				D9E28F4C21FEA48000F505C8 /* FounderButtons */,
				D9E28F6021FEA48100F505C8 /* FounderButtonsTests */,
				D9E28F6B21FEA48100F505C8 /* FounderButtonsUITests */,
			);
		};
/* End PBXProject section */

/* Begin PBXResourcesBuildPhase section */
		D9E28F4B21FEA48000F505C8 /* Resources */ = {
			isa = PBXResourcesBuildPhase;
			buildActionMask = 2147483647;
			files = (
				D9E28F5B21FEA48100F505C8 /* LaunchScreen.storyboard in Resources */,
				D9E28F5821FEA48100F505C8 /* Assets.xcassets in Resources */,
				D9E28F5621FEA48000F505C8 /* Main.storyboard in Resources */,
			);
			runOnlyForDeploymentPostprocessing = 0;
		};
		D9E28F5F21FEA48100F505C8 /* Resources */ = {
			isa = PBXResourcesBuildPhase;
			buildActionMask = 2147483647;
			files = (
			);
			runOnlyForDeploymentPostprocessing = 0;
		};
		D9E28F6A21FEA48100F505C8 /* Resources */ = {
			isa = PBXResourcesBuildPhase;
			buildActionMask = 2147483647;
			files = (
			);
			runOnlyForDeploymentPostprocessing = 0;
		};
/* End PBXResourcesBuildPhase section */

/* Begin PBXSourcesBuildPhase section */
		D9E28F4921FEA48000F505C8 /* Sources */ = {
			isa = PBXSourcesBuildPhase;
			buildActionMask = 2147483647;
			files = (
				D9E28F5321FEA48000F505C8 /* ViewController.swift in Sources */,
				D9E28F5121FEA48000F505C8 /* AppDelegate.swift in Sources */,
			);
			runOnlyForDeploymentPostprocessing = 0;
		};
		D9E28F5D21FEA48100F505C8 /* Sources */ = {
			isa = PBXSourcesBuildPhase;
			buildActionMask = 2147483647;
			files = (
				D9E28F6621FEA48100F505C8 /* FounderButtonsTests.swift in Sources */,
			);
			runOnlyForDeploymentPostprocessing = 0;
		};
		D9E28F6821FEA48100F505C8 /* Sources */ = {
			isa = PBXSourcesBuildPhase;
			buildActionMask = 2147483647;
			files = (
				D9E28F7121FEA48100F505C8 /* FounderButtonsUITests.swift in Sources */,
			);
			runOnlyForDeploymentPostprocessing = 0;
		};
/* End PBXSourcesBuildPhase section */

/* Begin PBXTargetDependency section */
		D9E28F6321FEA48100F505C8 /* PBXTargetDependency */ = {
			isa = PBXTargetDependency;
			target = D9E28F4C21FEA48000F505C8 /* FounderButtons */;
			targetProxy = D9E28F6221FEA48100F505C8 /* PBXContainerItemProxy */;
		};
		D9E28F6E21FEA48100F505C8 /* PBXTargetDependency */ = {
			isa = PBXTargetDependency;
			target = D9E28F4C21FEA48000F505C8 /* FounderButtons */;
			targetProxy = D9E28F6D21FEA48100F505C8 /* PBXContainerItemProxy */;
		};
/* End PBXTargetDependency section */

/* Begin PBXVariantGroup section */
		D9E28F5421FEA48000F505C8 /* Main.storyboard */ = {
			isa = PBXVariantGroup;
			children = (
				D9E28F5521FEA48000F505C8 /* Base */,
			);
			name = Main.storyboard;
			sourceTree = "<group>";
		};
		D9E28F5921FEA48100F505C8 /* LaunchScreen.storyboard */ = {
			isa = PBXVariantGroup;
			children = (
				D9E28F5A21FEA48100F505C8 /* Base */,
			);
			name = LaunchScreen.storyboard;
			sourceTree = "<group>";
		};
/* End PBXVariantGroup section */

/* Begin XCBuildConfiguration section */
		D9E28F7321FEA48100F505C8 /* Debug */ = {
			isa = XCBuildConfiguration;
			buildSettings = {
				ALWAYS_SEARCH_USER_PATHS = NO;
				CLANG_ANALYZER_NONNULL = YES;
				CLANG_ANALYZER_NUMBER_OBJECT_CONVERSION = YES_AGGRESSIVE;
				CLANG_CXX_LANGUAGE_STANDARD = "gnu++14";
				CLANG_CXX_LIBRARY = "libc++";
				CLANG_ENABLE_MODULES = YES;
				CLANG_ENABLE_OBJC_ARC = YES;
				CLANG_ENABLE_OBJC_WEAK = YES;
				CLANG_WARN_BLOCK_CAPTURE_AUTORELEASING = YES;
				CLANG_WARN_BOOL_CONVERSION = YES;
				CLANG_WARN_COMMA = YES;
				CLANG_WARN_CONSTANT_CONVERSION = YES;
				CLANG_WARN_DEPRECATED_OBJC_IMPLEMENTATIONS = YES;
				CLANG_WARN_DIRECT_OBJC_ISA_USAGE = YES_ERROR;
				CLANG_WARN_DOCUMENTATION_COMMENTS = YES;
				CLANG_WARN_EMPTY_BODY = YES;
				CLANG_WARN_ENUM_CONVERSION = YES;
				CLANG_WARN_INFINITE_RECURSION = YES;
				CLANG_WARN_INT_CONVERSION = YES;
				CLANG_WARN_NON_LITERAL_NULL_CONVERSION = YES;
				CLANG_WARN_OBJC_IMPLICIT_RETAIN_SELF = YES;
				CLANG_WARN_OBJC_LITERAL_CONVERSION = YES;
				CLANG_WARN_OBJC_ROOT_CLASS = YES_ERROR;
				CLANG_WARN_RANGE_LOOP_ANALYSIS = YES;
				CLANG_WARN_STRICT_PROTOTYPES = YES;
				CLANG_WARN_SUSPICIOUS_MOVE = YES;
				CLANG_WARN_UNGUARDED_AVAILABILITY = YES_AGGRESSIVE;
				CLANG_WARN_UNREACHABLE_CODE = YES;
				CLANG_WARN__DUPLICATE_METHOD_MATCH = YES;
				CODE_SIGN_IDENTITY = "iPhone Developer";
				COPY_PHASE_STRIP = NO;
				DEBUG_INFORMATION_FORMAT = dwarf;
				ENABLE_STRICT_OBJC_MSGSEND = YES;
				ENABLE_TESTABILITY = YES;
				GCC_C_LANGUAGE_STANDARD = gnu11;
				GCC_DYNAMIC_NO_PIC = NO;
				GCC_NO_COMMON_BLOCKS = YES;
				GCC_OPTIMIZATION_LEVEL = 0;
				GCC_PREPROCESSOR_DEFINITIONS = (
					"DEBUG=1",
					"$(inherited)",
				);
				GCC_WARN_64_TO_32_BIT_CONVERSION = YES;
				GCC_WARN_ABOUT_RETURN_TYPE = YES_ERROR;
				GCC_WARN_UNDECLARED_SELECTOR = YES;
				GCC_WARN_UNINITIALIZED_AUTOS = YES_AGGRESSIVE;
				GCC_WARN_UNUSED_FUNCTION = YES;
				GCC_WARN_UNUSED_VARIABLE = YES;
				IPHONEOS_DEPLOYMENT_TARGET = 12.1;
				MTL_ENABLE_DEBUG_INFO = INCLUDE_SOURCE;
				MTL_FAST_MATH = YES;
				ONLY_ACTIVE_ARCH = YES;
				SDKROOT = iphoneos;
				SWIFT_ACTIVE_COMPILATION_CONDITIONS = DEBUG;
				SWIFT_OPTIMIZATION_LEVEL = "-Onone";
			};
			name = Debug;
		};
		D9E28F7421FEA48100F505C8 /* Release */ = {
			isa = XCBuildConfiguration;
			buildSettings = {
				ALWAYS_SEARCH_USER_PATHS = NO;
				CLANG_ANALYZER_NONNULL = YES;
				CLANG_ANALYZER_NUMBER_OBJECT_CONVERSION = YES_AGGRESSIVE;
				CLANG_CXX_LANGUAGE_STANDARD = "gnu++14";
				CLANG_CXX_LIBRARY = "libc++";
				CLANG_ENABLE_MODULES = YES;
				CLANG_ENABLE_OBJC_ARC = YES;
				CLANG_ENABLE_OBJC_WEAK = YES;
				CLANG_WARN_BLOCK_CAPTURE_AUTORELEASING = YES;
				CLANG_WARN_BOOL_CONVERSION = YES;
				CLANG_WARN_COMMA = YES;
				CLANG_WARN_CONSTANT_CONVERSION = YES;
				CLANG_WARN_DEPRECATED_OBJC_IMPLEMENTATIONS = YES;
				CLANG_WARN_DIRECT_OBJC_ISA_USAGE = YES_ERROR;
				CLANG_WARN_DOCUMENTATION_COMMENTS = YES;
				CLANG_WARN_EMPTY_BODY = YES;
				CLANG_WARN_ENUM_CONVERSION = YES;
				CLANG_WARN_INFINITE_RECURSION = YES;
				CLANG_WARN_INT_CONVERSION = YES;
				CLANG_WARN_NON_LITERAL_NULL_CONVERSION = YES;
				CLANG_WARN_OBJC_IMPLICIT_RETAIN_SELF = YES;
				CLANG_WARN_OBJC_LITERAL_CONVERSION = YES;
				CLANG_WARN_OBJC_ROOT_CLASS = YES_ERROR;
				CLANG_WARN_RANGE_LOOP_ANALYSIS = YES;
				CLANG_WARN_STRICT_PROTOTYPES = YES;
				CLANG_WARN_SUSPICIOUS_MOVE = YES;
				CLANG_WARN_UNGUARDED_AVAILABILITY = YES_AGGRESSIVE;
				CLANG_WARN_UNREACHABLE_CODE = YES;
				CLANG_WARN__DUPLICATE_METHOD_MATCH = YES;
				CODE_SIGN_IDENTITY = "iPhone Developer";
				COPY_PHASE_STRIP = NO;
				DEBUG_INFORMATION_FORMAT = "dwarf-with-dsym";
				ENABLE_NS_ASSERTIONS = NO;
				ENABLE_STRICT_OBJC_MSGSEND = YES;
				GCC_C_LANGUAGE_STANDARD = gnu11;
				GCC_NO_COMMON_BLOCKS = YES;
				GCC_WARN_64_TO_32_BIT_CONVERSION = YES;
				GCC_WARN_ABOUT_RETURN_TYPE = YES_ERROR;
				GCC_WARN_UNDECLARED_SELECTOR = YES;
				GCC_WARN_UNINITIALIZED_AUTOS = YES_AGGRESSIVE;
				GCC_WARN_UNUSED_FUNCTION = YES;
				GCC_WARN_UNUSED_VARIABLE = YES;
				IPHONEOS_DEPLOYMENT_TARGET = 12.1;
				MTL_ENABLE_DEBUG_INFO = NO;
				MTL_FAST_MATH = YES;
				SDKROOT = iphoneos;
				SWIFT_COMPILATION_MODE = wholemodule;
				SWIFT_OPTIMIZATION_LEVEL = "-O";
				VALIDATE_PRODUCT = YES;
			};
			name = Release;
		};
		D9E28F7621FEA48100F505C8 /* Debug */ = {
			isa = XCBuildConfiguration;
			buildSettings = {
				ASSETCATALOG_COMPILER_APPICON_NAME = AppIcon;
				CODE_SIGN_STYLE = Automatic;
				INFOPLIST_FILE = FounderButtons/Info.plist;
				LD_RUNPATH_SEARCH_PATHS = (
					"$(inherited)",
					"@executable_path/Frameworks",
				);
				PRODUCT_BUNDLE_IDENTIFIER = "IOS-2019.FounderButtons";
				PRODUCT_NAME = "$(TARGET_NAME)";
				SWIFT_VERSION = 4.2;
				TARGETED_DEVICE_FAMILY = "1,2";
			};
			name = Debug;
		};
		D9E28F7721FEA48100F505C8 /* Release */ = {
			isa = XCBuildConfiguration;
			buildSettings = {
				ASSETCATALOG_COMPILER_APPICON_NAME = AppIcon;
				CODE_SIGN_STYLE = Automatic;
				INFOPLIST_FILE = FounderButtons/Info.plist;
				LD_RUNPATH_SEARCH_PATHS = (
					"$(inherited)",
					"@executable_path/Frameworks",
				);
				PRODUCT_BUNDLE_IDENTIFIER = "IOS-2019.FounderButtons";
				PRODUCT_NAME = "$(TARGET_NAME)";
				SWIFT_VERSION = 4.2;
				TARGETED_DEVICE_FAMILY = "1,2";
			};
			name = Release;
		};
		D9E28F7921FEA48100F505C8 /* Debug */ = {
			isa = XCBuildConfiguration;
			buildSettings = {
				ALWAYS_EMBED_SWIFT_STANDARD_LIBRARIES = YES;
				BUNDLE_LOADER = "$(TEST_HOST)";
				CODE_SIGN_STYLE = Automatic;
				INFOPLIST_FILE = FounderButtonsTests/Info.plist;
				LD_RUNPATH_SEARCH_PATHS = (
					"$(inherited)",
					"@executable_path/Frameworks",
					"@loader_path/Frameworks",
				);
				PRODUCT_BUNDLE_IDENTIFIER = "IOS-2019.FounderButtonsTests";
				PRODUCT_NAME = "$(TARGET_NAME)";
				SWIFT_VERSION = 4.2;
				TARGETED_DEVICE_FAMILY = "1,2";
				TEST_HOST = "$(BUILT_PRODUCTS_DIR)/FounderButtons.app/FounderButtons";
			};
			name = Debug;
		};
		D9E28F7A21FEA48100F505C8 /* Release */ = {
			isa = XCBuildConfiguration;
			buildSettings = {
				ALWAYS_EMBED_SWIFT_STANDARD_LIBRARIES = YES;
				BUNDLE_LOADER = "$(TEST_HOST)";
				CODE_SIGN_STYLE = Automatic;
				INFOPLIST_FILE = FounderButtonsTests/Info.plist;
				LD_RUNPATH_SEARCH_PATHS = (
					"$(inherited)",
					"@executable_path/Frameworks",
					"@loader_path/Frameworks",
				);
				PRODUCT_BUNDLE_IDENTIFIER = "IOS-2019.FounderButtonsTests";
				PRODUCT_NAME = "$(TARGET_NAME)";
				SWIFT_VERSION = 4.2;
				TARGETED_DEVICE_FAMILY = "1,2";
				TEST_HOST = "$(BUILT_PRODUCTS_DIR)/FounderButtons.app/FounderButtons";
			};
			name = Release;
		};
		D9E28F7C21FEA48100F505C8 /* Debug */ = {
			isa = XCBuildConfiguration;
			buildSettings = {
				ALWAYS_EMBED_SWIFT_STANDARD_LIBRARIES = YES;
				CODE_SIGN_STYLE = Automatic;
				INFOPLIST_FILE = FounderButtonsUITests/Info.plist;
				LD_RUNPATH_SEARCH_PATHS = (
					"$(inherited)",
					"@executable_path/Frameworks",
					"@loader_path/Frameworks",
				);
				PRODUCT_BUNDLE_IDENTIFIER = "IOS-2019.FounderButtonsUITests";
				PRODUCT_NAME = "$(TARGET_NAME)";
				SWIFT_VERSION = 4.2;
				TARGETED_DEVICE_FAMILY = "1,2";
				TEST_TARGET_NAME = FounderButtons;
			};
			name = Debug;
		};
		D9E28F7D21FEA48100F505C8 /* Release */ = {
			isa = XCBuildConfiguration;
			buildSettings = {
				ALWAYS_EMBED_SWIFT_STANDARD_LIBRARIES = YES;
				CODE_SIGN_STYLE = Automatic;
				INFOPLIST_FILE = FounderButtonsUITests/Info.plist;
				LD_RUNPATH_SEARCH_PATHS = (
					"$(inherited)",
					"@executable_path/Frameworks",
					"@loader_path/Frameworks",
				);
				PRODUCT_BUNDLE_IDENTIFIER = "IOS-2019.FounderButtonsUITests";
				PRODUCT_NAME = "$(TARGET_NAME)";
				SWIFT_VERSION = 4.2;
				TARGETED_DEVICE_FAMILY = "1,2";
				TEST_TARGET_NAME = FounderButtons;
			};
			name = Release;
		};
/* End XCBuildConfiguration section */

/* Begin XCConfigurationList section */
		D9E28F4821FEA48000F505C8 /* Build configuration list for PBXProject "FounderButtons" */ = {
			isa = XCConfigurationList;
			buildConfigurations = (
				D9E28F7321FEA48100F505C8 /* Debug */,
				D9E28F7421FEA48100F505C8 /* Release */,
			);
			defaultConfigurationIsVisible = 0;
			defaultConfigurationName = Release;
		};
		D9E28F7521FEA48100F505C8 /* Build configuration list for PBXNativeTarget "FounderButtons" */ = {
			isa = XCConfigurationList;
			buildConfigurations = (
				D9E28F7621FEA48100F505C8 /* Debug */,
				D9E28F7721FEA48100F505C8 /* Release */,
			);
			defaultConfigurationIsVisible = 0;
			defaultConfigurationName = Release;
		};
		D9E28F7821FEA48100F505C8 /* Build configuration list for PBXNativeTarget "FounderButtonsTests" */ = {
			isa = XCConfigurationList;
			buildConfigurations = (
				D9E28F7921FEA48100F505C8 /* Debug */,
				D9E28F7A21FEA48100F505C8 /* Release */,
			);
			defaultConfigurationIsVisible = 0;
			defaultConfigurationName = Release;
		};
		D9E28F7B21FEA48100F505C8 /* Build configuration list for PBXNativeTarget "FounderButtonsUITests" */ = {
			isa = XCConfigurationList;
			buildConfigurations = (
				D9E28F7C21FEA48100F505C8 /* Debug */,
				D9E28F7D21FEA48100F505C8 /* Release */,
			);
			defaultConfigurationIsVisible = 0;
			defaultConfigurationName = Release;
		};
/* End XCConfigurationList section */
	};
	rootObject = D9E28F4521FEA48000F505C8 /* Project object */;
}
